<?xml version="1.0" encoding="utf-8"?>
<Project ToolsVersion="4.0" xmlns="http://schemas.microsoft.com/developer/msbuild/2003">
  <ItemGroup>
    <Filter Include="Quelldateien">
      <UniqueIdentifier>{4FC737F1-C7A5-4376-A066-2A32D752A2FF}</UniqueIdentifier>
      <Extensions>cpp;c;cc;cxx;def;odl;idl;hpj;bat;asm;asmx</Extensions>
    </Filter>
    <Filter Include="Headerdateien">
      <UniqueIdentifier>{93995380-89BD-4b04-88EB-625FBE52EBFB}</UniqueIdentifier>
      <Extensions>h;hh;hpp;hxx;hm;inl;inc;ipp;xsd</Extensions>
    </Filter>
    <Filter Include="Ressourcendateien">
      <UniqueIdentifier>{67DA6AB6-F800-4c08-8B7A-83BB121AAD01}</UniqueIdentifier>
      <Extensions>rc;ico;cur;bmp;dlg;rc2;rct;bin;rgs;gif;jpg;jpeg;jpe;resx;tiff;tif;png;wav;mfcribbon-ms</Extensions>
    </Filter>
    <Filter Include="Quelldateien\Helper">
      <UniqueIdentifier>{33b6acce-b171-43db-9db4-eb2b5f120e3d}</UniqueIdentifier>
    </Filter>
    <Filter Include="Quelldateien\Engine">
      <UniqueIdentifier>{a6f20a40-d185-4b54-aab8-05b8aa62e682}</UniqueIdentifier>
    </Filter>
    <Filter Include="Headerdateien\Helper">
      <UniqueIdentifier>{92df62cc-308c-47ef-8309-ef671d443454}</UniqueIdentifier>
    </Filter>
    <Filter Include="Headerdateien\Engine">
      <UniqueIdentifier>{7843ada7-12c5-4c12-ab46-a9b9889e0100}</UniqueIdentifier>
    </Filter>
    <Filter Include="Headerdateien\Components">
      <UniqueIdentifier>{a1bd4a60-058e-41f5-a3ac-be59a67efeb3}</UniqueIdentifier>
    </Filter>
    <Filter Include="Quelldateien\Components">
      <UniqueIdentifier>{71f77f7d-f4b7-47a8-b77c-9bcab2389010}</UniqueIdentifier>
    </Filter>
  </ItemGroup>
  <ItemGroup>
    <ClCompile Include="Clock.cpp">
      <Filter>Quelldateien\Helper</Filter>
    </ClCompile>
    <ClCompile Include="Matrix4x4.cpp">
      <Filter>Quelldateien\Helper</Filter>
    </ClCompile>
    <ClCompile Include="Vector3.cpp">
      <Filter>Quelldateien\Helper</Filter>
    </ClCompile>
    <ClCompile Include="main.cpp">
      <Filter>Quelldateien</Filter>
    </ClCompile>
    <ClCompile Include="Application.cpp">
      <Filter>Quelldateien</Filter>
    </ClCompile>
    <ClCompile Include="Entity.cpp">
      <Filter>Quelldateien\Engine</Filter>
    </ClCompile>
    <ClCompile Include="Window.cpp">
      <Filter>Quelldateien\Engine</Filter>
    </ClCompile>
    <ClCompile Include="GameInstance.cpp">
      <Filter>Quelldateien\Engine</Filter>
    </ClCompile>
    <ClCompile Include="Scene.cpp">
      <Filter>Quelldateien\Engine</Filter>
    </ClCompile>
    <ClCompile Include="Component.cpp">
      <Filter>Quelldateien\Components</Filter>
    </ClCompile>
    <ClCompile Include="Transform.cpp">
      <Filter>Quelldateien\Components</Filter>
    </ClCompile>
  </ItemGroup>
  <ItemGroup>
    <ClInclude Include="Application.h">
      <Filter>Headerdateien</Filter>
    </ClInclude>
    <ClInclude Include="Clock.h">
      <Filter>Headerdateien\Helper</Filter>
    </ClInclude>
    <ClInclude Include="Matrix4x4.h">
      <Filter>Headerdateien\Helper</Filter>
    </ClInclude>
    <ClInclude Include="Vector3.h">
      <Filter>Headerdateien\Helper</Filter>
    </ClInclude>
    <ClInclude Include="Singleton.h">
      <Filter>Headerdateien\Helper</Filter>
    </ClInclude>
    <ClInclude Include="Window.h">
      <Filter>Headerdateien\Engine</Filter>
    </ClInclude>
    <ClInclude Include="Entity.h">
      <Filter>Headerdateien\Engine</Filter>
    </ClInclude>
    <ClInclude Include="Types.h">
      <Filter>Headerdateien\Helper</Filter>
    </ClInclude>
    <ClInclude Include="Utils.h">
      <Filter>Headerdateien\Helper</Filter>
    </ClInclude>
    <ClInclude Include="Scene.h">
      <Filter>Headerdateien\Engine</Filter>
    </ClInclude>
    <ClInclude Include="GameInstance.h">
      <Filter>Headerdateien\Engine</Filter>
    </ClInclude>
    <ClInclude Include="Component.h">
      <Filter>Headerdateien\Components</Filter>
    </ClInclude>
    <ClInclude Include="Transform.h">
      <Filter>Headerdateien\Components</Filter>
    </ClInclude>
  </ItemGroup>
</Project>